packages:
  - name: dbt_utils
    package: dbt-labs/dbt_utils
    version: 1.2.1
  - name: codegen
    package: dbt-labs/codegen
    version: 0.13.1
  - name: dbt_expectations
    package: metaplane/dbt_expectations
    version: 0.10.10
  - name: dbt_date
    package: godatadriven/dbt_date
    version: 0.17.2
sha1_hash: d4ee3814c303d65bfed2766534da96601dffe329
